// !$*UTF8*$!
{
	archiveVersion = 1;
	classes = {
	};
	objectVersion = 46;
	objects = {

/* Begin PBXBuildFile section */
		C7D8771E1D01C006009B4283 /* AppDelegate.swift in Sources */ = {isa = PBXBuildFile; fileRef = C7D8771D1D01C006009B4283 /* AppDelegate.swift */; };
		C7D877201D01C006009B4283 /* ViewController.swift in Sources */ = {isa = PBXBuildFile; fileRef = C7D8771F1D01C006009B4283 /* ViewController.swift */; };
		C7D877251D01C006009B4283 /* Assets.xcassets in Resources */ = {isa = PBXBuildFile; fileRef = C7D877241D01C006009B4283 /* Assets.xcassets */; };
		C7D877281D01C006009B4283 /* LaunchScreen.storyboard in Resources */ = {isa = PBXBuildFile; fileRef = C7D877261D01C006009B4283 /* LaunchScreen.storyboard */; };
		C7D877331D01C006009B4283 /* NSUserDefaults_presets_testTests.swift in Sources */ = {isa = PBXBuildFile; fileRef = C7D877321D01C006009B4283 /* NSUserDefaults_presets_testTests.swift */; };
		C7D8773E1D01C006009B4283 /* NSUserDefaults_presets_testUITests.swift in Sources */ = {isa = PBXBuildFile; fileRef = C7D8773D1D01C006009B4283 /* NSUserDefaults_presets_testUITests.swift */; };
		C7F3B4F01D03342000E88A92 /* Main.storyboard in Resources */ = {isa = PBXBuildFile; fileRef = C7F3B4EE1D03342000E88A92 /* Main.storyboard */; };
/* End PBXBuildFile section */

/* Begin PBXContainerItemProxy section */
		C7D8772F1D01C006009B4283 /* PBXContainerItemProxy */ = {
			isa = PBXContainerItemProxy;
			containerPortal = C7D877121D01C006009B4283 /* Project object */;
			proxyType = 1;
			remoteGlobalIDString = C7D877191D01C006009B4283;
			remoteInfo = NSUserDefaults_presets_test;
		};
		C7D8773A1D01C006009B4283 /* PBXContainerItemProxy */ = {
			isa = PBXContainerItemProxy;
			containerPortal = C7D877121D01C006009B4283 /* Project object */;
			proxyType = 1;
			remoteGlobalIDString = C7D877191D01C006009B4283;
			remoteInfo = NSUserDefaults_presets_test;
		};
/* End PBXContainerItemProxy section */

/* Begin PBXFileReference section */
		C7D8771A1D01C006009B4283 /* NSUserDefaults_presets_test.app */ = {isa = PBXFileReference; explicitFileType = wrapper.application; includeInIndex = 0; path = NSUserDefaults_presets_test.app; sourceTree = BUILT_PRODUCTS_DIR; };
		C7D8771D1D01C006009B4283 /* AppDelegate.swift */ = {isa = PBXFileReference; lastKnownFileType = sourcecode.swift; path = AppDelegate.swift; sourceTree = "<group>"; };
		C7D8771F1D01C006009B4283 /* ViewController.swift */ = {isa = PBXFileReference; lastKnownFileType = sourcecode.swift; path = ViewController.swift; sourceTree = "<group>"; };
		C7D877241D01C006009B4283 /* Assets.xcassets */ = {isa = PBXFileReference; lastKnownFileType = folder.assetcatalog; path = Assets.xcassets; sourceTree = "<group>"; };
		C7D877271D01C006009B4283 /* Base */ = {isa = PBXFileReference; lastKnownFileType = file.storyboard; name = Base; path = Base.lproj/LaunchScreen.storyboard; sourceTree = "<group>"; };
		C7D877291D01C006009B4283 /* Info.plist */ = {isa = PBXFileReference; lastKnownFileType = text.plist.xml; path = Info.plist; sourceTree = "<group>"; };
		C7D8772E1D01C006009B4283 /* NSUserDefaults_presets_testTests.xctest */ = {isa = PBXFileReference; explicitFileType = wrapper.cfbundle; includeInIndex = 0; path = NSUserDefaults_presets_testTests.xctest; sourceTree = BUILT_PRODUCTS_DIR; };
		C7D877321D01C006009B4283 /* NSUserDefaults_presets_testTests.swift */ = {isa = PBXFileReference; lastKnownFileType = sourcecode.swift; path = NSUserDefaults_presets_testTests.swift; sourceTree = "<group>"; };
		C7D877341D01C006009B4283 /* Info.plist */ = {isa = PBXFileReference; lastKnownFileType = text.plist.xml; path = Info.plist; sourceTree = "<group>"; };
		C7D877391D01C006009B4283 /* NSUserDefaults_presets_testUITests.xctest */ = {isa = PBXFileReference; explicitFileType = wrapper.cfbundle; includeInIndex = 0; path = NSUserDefaults_presets_testUITests.xctest; sourceTree = BUILT_PRODUCTS_DIR; };
		C7D8773D1D01C006009B4283 /* NSUserDefaults_presets_testUITests.swift */ = {isa = PBXFileReference; lastKnownFileType = sourcecode.swift; path = NSUserDefaults_presets_testUITests.swift; sourceTree = "<group>"; };
		C7D8773F1D01C006009B4283 /* Info.plist */ = {isa = PBXFileReference; lastKnownFileType = text.plist.xml; path = Info.plist; sourceTree = "<group>"; };
		C7F3B4EF1D03342000E88A92 /* Base */ = {isa = PBXFileReference; lastKnownFileType = file.storyboard; name = Base; path = Base.lproj/Main.storyboard; sourceTree = "<group>"; };
/* End PBXFileReference section */

/* Begin PBXFrameworksBuildPhase section */
		C7D877171D01C006009B4283 /* Frameworks */ = {
			isa = PBXFrameworksBuildPhase;
			buildActionMask = 2147483647;
			files = (
			);
			runOnlyForDeploymentPostprocessing = 0;
		};
		C7D8772B1D01C006009B4283 /* Frameworks */ = {
			isa = PBXFrameworksBuildPhase;
			buildActionMask = 2147483647;
			files = (
			);
			runOnlyForDeploymentPostprocessing = 0;
		};
		C7D877361D01C006009B4283 /* Frameworks */ = {
			isa = PBXFrameworksBuildPhase;
			buildActionMask = 2147483647;
			files = (
			);
			runOnlyForDeploymentPostprocessing = 0;
		};
/* End PBXFrameworksBuildPhase section */

/* Begin PBXGroup section */
		C7D877111D01C006009B4283 = {
			isa = PBXGroup;
			children = (
				C7D8771C1D01C006009B4283 /* NSUserDefaults_presets_test */,
				C7D877311D01C006009B4283 /* NSUserDefaults_presets_testTests */,
				C7D8773C1D01C006009B4283 /* NSUserDefaults_presets_testUITests */,
				C7D8771B1D01C006009B4283 /* Products */,
			);
			sourceTree = "<group>";
		};
		C7D8771B1D01C006009B4283 /* Products */ = {
			isa = PBXGroup;
			children = (
				C7D8771A1D01C006009B4283 /* NSUserDefaults_presets_test.app */,
				C7D8772E1D01C006009B4283 /* NSUserDefaults_presets_testTests.xctest */,
				C7D877391D01C006009B4283 /* NSUserDefaults_presets_testUITests.xctest */,
			);
			name = Products;
			sourceTree = "<group>";
		};
		C7D8771C1D01C006009B4283 /* NSUserDefaults_presets_test */ = {
			isa = PBXGroup;
			children = (
				C7D8771D1D01C006009B4283 /* AppDelegate.swift */,
				C7D8771F1D01C006009B4283 /* ViewController.swift */,
				C7F3B4EE1D03342000E88A92 /* Main.storyboard */,
				C7D877241D01C006009B4283 /* Assets.xcassets */,
				C7D877261D01C006009B4283 /* LaunchScreen.storyboard */,
				C7D877291D01C006009B4283 /* Info.plist */,
			);
			path = NSUserDefaults_presets_test;
			sourceTree = "<group>";
		};
		C7D877311D01C006009B4283 /* NSUserDefaults_presets_testTests */ = {
			isa = PBXGroup;
			children = (
				C7D877321D01C006009B4283 /* NSUserDefaults_presets_testTests.swift */,
				C7D877341D01C006009B4283 /* Info.plist */,
			);
			path = NSUserDefaults_presets_testTests;
			sourceTree = "<group>";
		};
		C7D8773C1D01C006009B4283 /* NSUserDefaults_presets_testUITests */ = {
			isa = PBXGroup;
			children = (
				C7D8773D1D01C006009B4283 /* NSUserDefaults_presets_testUITests.swift */,
				C7D8773F1D01C006009B4283 /* Info.plist */,
			);
			path = NSUserDefaults_presets_testUITests;
			sourceTree = "<group>";
		};
/* End PBXGroup section */

/* Begin PBXNativeTarget section */
		C7D877191D01C006009B4283 /* NSUserDefaults_presets_test */ = {
			isa = PBXNativeTarget;
			buildConfigurationList = C7D877421D01C006009B4283 /* Build configuration list for PBXNativeTarget "NSUserDefaults_presets_test" */;
			buildPhases = (
				C7D877161D01C006009B4283 /* Sources */,
				C7D877171D01C006009B4283 /* Frameworks */,
				C7D877181D01C006009B4283 /* Resources */,
			);
			buildRules = (
			);
			dependencies = (
			);
			name = NSUserDefaults_presets_test;
			productName = NSUserDefaults_presets_test;
			productReference = C7D8771A1D01C006009B4283 /* NSUserDefaults_presets_test.app */;
			productType = "com.apple.product-type.application";
		};
		C7D8772D1D01C006009B4283 /* NSUserDefaults_presets_testTests */ = {
			isa = PBXNativeTarget;
			buildConfigurationList = C7D877451D01C006009B4283 /* Build configuration list for PBXNativeTarget "NSUserDefaults_presets_testTests" */;
			buildPhases = (
				C7D8772A1D01C006009B4283 /* Sources */,
				C7D8772B1D01C006009B4283 /* Frameworks */,
				C7D8772C1D01C006009B4283 /* Resources */,
			);
			buildRules = (
			);
			dependencies = (
				C7D877301D01C006009B4283 /* PBXTargetDependency */,
			);
			name = NSUserDefaults_presets_testTests;
			productName = NSUserDefaults_presets_testTests;
			productReference = C7D8772E1D01C006009B4283 /* NSUserDefaults_presets_testTests.xctest */;
			productType = "com.apple.product-type.bundle.unit-test";
		};
		C7D877381D01C006009B4283 /* NSUserDefaults_presets_testUITests */ = {
			isa = PBXNativeTarget;
			buildConfigurationList = C7D877481D01C006009B4283 /* Build configuration list for PBXNativeTarget "NSUserDefaults_presets_testUITests" */;
			buildPhases = (
				C7D877351D01C006009B4283 /* Sources */,
				C7D877361D01C006009B4283 /* Frameworks */,
				C7D877371D01C006009B4283 /* Resources */,
			);
			buildRules = (
			);
			dependencies = (
				C7D8773B1D01C006009B4283 /* PBXTargetDependency */,
			);
			name = NSUserDefaults_presets_testUITests;
			productName = NSUserDefaults_presets_testUITests;
			productReference = C7D877391D01C006009B4283 /* NSUserDefaults_presets_testUITests.xctest */;
			productType = "com.apple.product-type.bundle.ui-testing";
		};
/* End PBXNativeTarget section */

/* Begin PBXProject section */
		C7D877121D01C006009B4283 /* Project object */ = {
			isa = PBXProject;
			attributes = {
				LastSwiftUpdateCheck = 0730;
				LastUpgradeCheck = 0730;
				ORGANIZATIONNAME = "Vijay Weemhoff";
				TargetAttributes = {
					C7D877191D01C006009B4283 = {
						CreatedOnToolsVersion = 7.3.1;
					};
					C7D8772D1D01C006009B4283 = {
						CreatedOnToolsVersion = 7.3.1;
						TestTargetID = C7D877191D01C006009B4283;
					};
					C7D877381D01C006009B4283 = {
						CreatedOnToolsVersion = 7.3.1;
						TestTargetID = C7D877191D01C006009B4283;
					};
				};
			};
			buildConfigurationList = C7D877151D01C006009B4283 /* Build configuration list for PBXProject "NSUserDefaults_presets_test" */;
			compatibilityVersion = "Xcode 3.2";
			developmentRegion = English;
			hasScannedForEncodings = 0;
			knownRegions = (
				en,
				Base,
			);
			mainGroup = C7D877111D01C006009B4283;
			productRefGroup = C7D8771B1D01C006009B4283 /* Products */;
			projectDirPath = "";
			projectRoot = "";
			targets = (
				C7D877191D01C006009B4283 /* NSUserDefaults_presets_test */,
				C7D8772D1D01C006009B4283 /* NSUserDefaults_presets_testTests */,
				C7D877381D01C006009B4283 /* NSUserDefaults_presets_testUITests */,
			);
		};
/* End PBXProject section */

/* Begin PBXResourcesBuildPhase section */
		C7D877181D01C006009B4283 /* Resources */ = {
			isa = PBXResourcesBuildPhase;
			buildActionMask = 2147483647;
			files = (
				C7F3B4F01D03342000E88A92 /* Main.storyboard in Resources */,
				C7D877281D01C006009B4283 /* LaunchScreen.storyboard in Resources */,
				C7D877251D01C006009B4283 /* Assets.xcassets in Resources */,
			);
			runOnlyForDeploymentPostprocessing = 0;
		};
		C7D8772C1D01C006009B4283 /* Resources */ = {
			isa = PBXResourcesBuildPhase;
			buildActionMask = 2147483647;
			files = (
			);
			runOnlyForDeploymentPostprocessing = 0;
		};
		C7D877371D01C006009B4283 /* Resources */ = {
			isa = PBXResourcesBuildPhase;
			buildActionMask = 2147483647;
			files = (
			);
			runOnlyForDeploymentPostprocessing = 0;
		};
/* End PBXResourcesBuildPhase section */

/* Begin PBXSourcesBuildPhase section */
		C7D877161D01C006009B4283 /* Sources */ = {
			isa = PBXSourcesBuildPhase;
			buildActionMask = 2147483647;
			files = (
				C7D877201D01C006009B4283 /* ViewController.swift in Sources */,
				C7D8771E1D01C006009B4283 /* AppDelegate.swift in Sources */,
			);
			runOnlyForDeploymentPostprocessing = 0;
		};
		C7D8772A1D01C006009B4283 /* Sources */ = {
			isa = PBXSourcesBuildPhase;
			buildActionMask = 2147483647;
			files = (
				C7D877331D01C006009B4283 /* NSUserDefaults_presets_testTests.swift in Sources */,
			);
			runOnlyForDeploymentPostprocessing = 0;
		};
		C7D877351D01C006009B4283 /* Sources */ = {
			isa = PBXSourcesBuildPhase;
			buildActionMask = 2147483647;
			files = (
				C7D8773E1D01C006009B4283 /* NSUserDefaults_presets_testUITests.swift in Sources */,
			);
			runOnlyForDeploymentPostprocessing = 0;
		};
/* End PBXSourcesBuildPhase section */

/* Begin PBXTargetDependency section */
		C7D877301D01C006009B4283 /* PBXTargetDependency */ = {
			isa = PBXTargetDependency;
			target = C7D877191D01C006009B4283 /* NSUserDefaults_presets_test */;
			targetProxy = C7D8772F1D01C006009B4283 /* PBXContainerItemProxy */;
		};
		C7D8773B1D01C006009B4283 /* PBXTargetDependency */ = {
			isa = PBXTargetDependency;
			target = C7D877191D01C006009B4283 /* NSUserDefaults_presets_test */;
			targetProxy = C7D8773A1D01C006009B4283 /* PBXContainerItemProxy */;
		};
/* End PBXTargetDependency section */

/* Begin PBXVariantGroup section */
		C7D877261D01C006009B4283 /* LaunchScreen.storyboard */ = {
			isa = PBXVariantGroup;
			children = (
				C7D877271D01C006009B4283 /* Base */,
			);
			name = LaunchScreen.storyboard;
			sourceTree = "<group>";
		};
		C7F3B4EE1D03342000E88A92 /* Main.storyboard */ = {
			isa = PBXVariantGroup;
			children = (
				C7F3B4EF1D03342000E88A92 /* Base */,
			);
			name = Main.storyboard;
			sourceTree = "<group>";
		};
/* End PBXVariantGroup section */

/* Begin XCBuildConfiguration section */
		C7D877401D01C006009B4283 /* Debug */ = {
			isa = XCBuildConfiguration;
			buildSettings = {
				ALWAYS_SEARCH_USER_PATHS = NO;
				CLANG_ANALYZER_NONNULL = YES;
				CLANG_CXX_LANGUAGE_STANDARD = "gnu++0x";
				CLANG_CXX_LIBRARY = "libc++";
				CLANG_ENABLE_MODULES = YES;
				CLANG_ENABLE_OBJC_ARC = YES;
				CLANG_WARN_BOOL_CONVERSION = YES;
				CLANG_WARN_CONSTANT_CONVERSION = YES;
				CLANG_WARN_DIRECT_OBJC_ISA_USAGE = YES_ERROR;
				CLANG_WARN_EMPTY_BODY = YES;
				CLANG_WARN_ENUM_CONVERSION = YES;
				CLANG_WARN_INT_CONVERSION = YES;
				CLANG_WARN_OBJC_ROOT_CLASS = YES_ERROR;
				CLANG_WARN_UNREACHABLE_CODE = YES;
				CLANG_WARN__DUPLICATE_METHOD_MATCH = YES;
				"CODE_SIGN_IDENTITY[sdk=iphoneos*]" = "iPhone Developer";
				COPY_PHASE_STRIP = NO;
				DEBUG_INFORMATION_FORMAT = dwarf;
				ENABLE_STRICT_OBJC_MSGSEND = YES;
				ENABLE_TESTABILITY = YES;
				GCC_C_LANGUAGE_STANDARD = gnu99;
				GCC_DYNAMIC_NO_PIC = NO;
				GCC_NO_COMMON_BLOCKS = YES;
				GCC_OPTIMIZATION_LEVEL = 0;
				GCC_PREPROCESSOR_DEFINITIONS = (
					"DEBUG=1",
					"$(inherited)",
				);
				GCC_WARN_64_TO_32_BIT_CONVERSION = YES;
				GCC_WARN_ABOUT_RETURN_TYPE = YES_ERROR;
				GCC_WARN_UNDECLARED_SELECTOR = YES;
				GCC_WARN_UNINITIALIZED_AUTOS = YES_AGGRESSIVE;
				GCC_WARN_UNUSED_FUNCTION = YES;
				GCC_WARN_UNUSED_VARIABLE = YES;
				IPHONEOS_DEPLOYMENT_TARGET = 9.3;
				MTL_ENABLE_DEBUG_INFO = YES;
				ONLY_ACTIVE_ARCH = YES;
				SDKROOT = iphoneos;
				SWIFT_OPTIMIZATION_LEVEL = "-Onone";
			};
			name = Debug;
		};
		C7D877411D01C006009B4283 /* Release */ = {
			isa = XCBuildConfiguration;
			buildSettings = {
				ALWAYS_SEARCH_USER_PATHS = NO;
				CLANG_ANALYZER_NONNULL = YES;
				CLANG_CXX_LANGUAGE_STANDARD = "gnu++0x";
				CLANG_CXX_LIBRARY = "libc++";
				CLANG_ENABLE_MODULES = YES;
				CLANG_ENABLE_OBJC_ARC = YES;
				CLANG_WARN_BOOL_CONVERSION = YES;
				CLANG_WARN_CONSTANT_CONVERSION = YES;
				CLANG_WARN_DIRECT_OBJC_ISA_USAGE = YES_ERROR;
				CLANG_WARN_EMPTY_BODY = YES;
				CLANG_WARN_ENUM_CONVERSION = YES;
				CLANG_WARN_INT_CONVERSION = YES;
				CLANG_WARN_OBJC_ROOT_CLASS = YES_ERROR;
				CLANG_WARN_UNREACHABLE_CODE = YES;
				CLANG_WARN__DUPLICATE_METHOD_MATCH = YES;
				"CODE_SIGN_IDENTITY[sdk=iphoneos*]" = "iPhone Developer";
				COPY_PHASE_STRIP = NO;
				DEBUG_INFORMATION_FORMAT = "dwarf-with-dsym";
				ENABLE_NS_ASSERTIONS = NO;
				ENABLE_STRICT_OBJC_MSGSEND = YES;
				GCC_C_LANGUAGE_STANDARD = gnu99;
				GCC_NO_COMMON_BLOCKS = YES;
				GCC_WARN_64_TO_32_BIT_CONVERSION = YES;
				GCC_WARN_ABOUT_RETURN_TYPE = YES_ERROR;
				GCC_WARN_UNDECLARED_SELECTOR = YES;
				GCC_WARN_UNINITIALIZED_AUTOS = YES_AGGRESSIVE;
				GCC_WARN_UNUSED_FUNCTION = YES;
				GCC_WARN_UNUSED_VARIABLE = YES;
				IPHONEOS_DEPLOYMENT_TARGET = 9.3;
				MTL_ENABLE_DEBUG_INFO = NO;
				SDKROOT = iphoneos;
				VALIDATE_PRODUCT = YES;
			};
			name = Release;
		};
		C7D877431D01C006009B4283 /* Debug */ = {
			isa = XCBuildConfiguration;
			buildSettings = {
				ASSETCATALOG_COMPILER_APPICON_NAME = AppIcon;
				INFOPLIST_FILE = NSUserDefaults_presets_test/Info.plist;
				LD_RUNPATH_SEARCH_PATHS = "$(inherited) @executable_path/Frameworks";
				PRODUCT_BUNDLE_IDENTIFIER = "Vijay.NSUserDefaults-presets-test";
				PRODUCT_NAME = "$(TARGET_NAME)";
			};
			name = Debug;
		};
		C7D877441D01C006009B4283 /* Release */ = {
			isa = XCBuildConfiguration;
			buildSettings = {
				ASSETCATALOG_COMPILER_APPICON_NAME = AppIcon;
				INFOPLIST_FILE = NSUserDefaults_presets_test/Info.plist;
				LD_RUNPATH_SEARCH_PATHS = "$(inherited) @executable_path/Frameworks";
				PRODUCT_BUNDLE_IDENTIFIER = "Vijay.NSUserDefaults-presets-test";
				PRODUCT_NAME = "$(TARGET_NAME)";
			};
			name = Release;
		};
		C7D877461D01C006009B4283 /* Debug */ = {
			isa = XCBuildConfiguration;
			buildSettings = {
				BUNDLE_LOADER = "$(TEST_HOST)";
				INFOPLIST_FILE = NSUserDefaults_presets_testTests/Info.plist;
				LD_RUNPATH_SEARCH_PATHS = "$(inherited) @executable_path/Frameworks @loader_path/Frameworks";
				PRODUCT_BUNDLE_IDENTIFIER = "Vijay.NSUserDefaults-presets-testTests";
				PRODUCT_NAME = "$(TARGET_NAME)";
				TEST_HOST = "$(BUILT_PRODUCTS_DIR)/NSUserDefaults_presets_test.app/NSUserDefaults_presets_test";
			};
			name = Debug;
		};
		C7D877471D01C006009B4283 /* Release */ = {
			isa = XCBuildConfiguration;
			buildSettings = {
				BUNDLE_LOADER = "$(TEST_HOST)";
				INFOPLIST_FILE = NSUserDefaults_presets_testTests/Info.plist;
				LD_RUNPATH_SEARCH_PATHS = "$(inherited) @executable_path/Frameworks @loader_path/Frameworks";
				PRODUCT_BUNDLE_IDENTIFIER = "Vijay.NSUserDefaults-presets-testTests";
				PRODUCT_NAME = "$(TARGET_NAME)";
				TEST_HOST = "$(BUILT_PRODUCTS_DIR)/NSUserDefaults_presets_test.app/NSUserDefaults_presets_test";
			};
			name = Release;
		};
		C7D877491D01C006009B4283 /* Debug */ = {
			isa = XCBuildConfiguration;
			buildSettings = {
				INFOPLIST_FILE = NSUserDefaults_presets_testUITests/Info.plist;
				LD_RUNPATH_SEARCH_PATHS = "$(inherited) @executable_path/Frameworks @loader_path/Frameworks";
				PRODUCT_BUNDLE_IDENTIFIER = "Vijay.NSUserDefaults-presets-testUITests";
				PRODUCT_NAME = "$(TARGET_NAME)";
				TEST_TARGET_NAME = NSUserDefaults_presets_test;
			};
			name = Debug;
		};
		C7D8774A1D01C006009B4283 /* Release */ = {
			isa = XCBuildConfiguration;
			buildSettings = {
				INFOPLIST_FILE = NSUserDefaults_presets_testUITests/Info.plist;
				LD_RUNPATH_SEARCH_PATHS = "$(inherited) @executable_path/Frameworks @loader_path/Frameworks";
				PRODUCT_BUNDLE_IDENTIFIER = "Vijay.NSUserDefaults-presets-testUITests";
				PRODUCT_NAME = "$(TARGET_NAME)";
				TEST_TARGET_NAME = NSUserDefaults_presets_test;
			};
			name = Release;
		};
/* End XCBuildConfiguration section */

/* Begin XCConfigurationList section */
		C7D877151D01C006009B4283 /* Build configuration list for PBXProject "NSUserDefaults_presets_test" */ = {
			isa = XCConfigurationList;
			buildConfigurations = (
				C7D877401D01C006009B4283 /* Debug */,
				C7D877411D01C006009B4283 /* Release */,
			);
			defaultConfigurationIsVisible = 0;
			defaultConfigurationName = Release;
		};
		C7D877421D01C006009B4283 /* Build configuration list for PBXNativeTarget "NSUserDefaults_presets_test" */ = {
			isa = XCConfigurationList;
			buildConfigurations = (
				C7D877431D01C006009B4283 /* Debug */,
				C7D877441D01C006009B4283 /* Release */,
			);
			defaultConfigurationIsVisible = 0;
			defaultConfigurationName = Release;
		};
		C7D877451D01C006009B4283 /* Build configuration list for PBXNativeTarget "NSUserDefaults_presets_testTests" */ = {
			isa = XCConfigurationList;
			buildConfigurations = (
				C7D877461D01C006009B4283 /* Debug */,
				C7D877471D01C006009B4283 /* Release */,
			);
			defaultConfigurationIsVisible = 0;
			defaultConfigurationName = Release;
		};
		C7D877481D01C006009B4283 /* Build configuration list for PBXNativeTarget "NSUserDefaults_presets_testUITests" */ = {
			isa = XCConfigurationList;
			buildConfigurations = (
				C7D877491D01C006009B4283 /* Debug */,
				C7D8774A1D01C006009B4283 /* Release */,
			);
			defaultConfigurationIsVisible = 0;
			defaultConfigurationName = Release;
		};
/* End XCConfigurationList section */
	};
	rootObject = C7D877121D01C006009B4283 /* Project object */;
}
